// !$*UTF8*$!
{
	archiveVersion = 1;
	classes = {
	};
	objectVersion = 46;
	objects = {

/* Begin PBXBuildFile section */
		1B6462331987236700A7615F /* Foundation.framework in Frameworks */ = {isa = PBXBuildFile; fileRef = 1B6462321987236700A7615F /* Foundation.framework */; };
		1B6462351987236700A7615F /* CoreGraphics.framework in Frameworks */ = {isa = PBXBuildFile; fileRef = 1B6462341987236700A7615F /* CoreGraphics.framework */; };
		1B6462371987236700A7615F /* UIKit.framework in Frameworks */ = {isa = PBXBuildFile; fileRef = 1B6462361987236700A7615F /* UIKit.framework */; };
		1B64623D1987236700A7615F /* InfoPlist.strings in Resources */ = {isa = PBXBuildFile; fileRef = 1B64623B1987236700A7615F /* InfoPlist.strings */; };
		1B64623F1987236700A7615F /* main.m in Sources */ = {isa = PBXBuildFile; fileRef = 1B64623E1987236700A7615F /* main.m */; };
		1B6462431987236700A7615F /* AppDelegate.m in Sources */ = {isa = PBXBuildFile; fileRef = 1B6462421987236700A7615F /* AppDelegate.m */; };
		1B6462461987236700A7615F /* Main.storyboard in Resources */ = {isa = PBXBuildFile; fileRef = 1B6462441987236700A7615F /* Main.storyboard */; };
		1B6462491987236700A7615F /* MasterViewController.m in Sources */ = {isa = PBXBuildFile; fileRef = 1B6462481987236700A7615F /* MasterViewController.m */; };
		1B64624C1987236700A7615F /* DetailViewController.m in Sources */ = {isa = PBXBuildFile; fileRef = 1B64624B1987236700A7615F /* DetailViewController.m */; };
		1B64624E1987236700A7615F /* Images.xcassets in Resources */ = {isa = PBXBuildFile; fileRef = 1B64624D1987236700A7615F /* Images.xcassets */; };
		1B6462551987236700A7615F /* XCTest.framework in Frameworks */ = {isa = PBXBuildFile; fileRef = 1B6462541987236700A7615F /* XCTest.framework */; };
		1B6462561987236700A7615F /* Foundation.framework in Frameworks */ = {isa = PBXBuildFile; fileRef = 1B6462321987236700A7615F /* Foundation.framework */; };
		1B6462571987236700A7615F /* UIKit.framework in Frameworks */ = {isa = PBXBuildFile; fileRef = 1B6462361987236700A7615F /* UIKit.framework */; };
		1B64625F1987236700A7615F /* InfoPlist.strings in Resources */ = {isa = PBXBuildFile; fileRef = 1B64625D1987236700A7615F /* InfoPlist.strings */; };
		1B6462611987236700A7615F /* coffeeKitTests.m in Sources */ = {isa = PBXBuildFile; fileRef = 1B6462601987236700A7615F /* coffeeKitTests.m */; };
/* End PBXBuildFile section */

/* Begin PBXContainerItemProxy section */
		1B6462581987236700A7615F /* PBXContainerItemProxy */ = {
			isa = PBXContainerItemProxy;
			containerPortal = 1B6462271987236700A7615F /* Project object */;
			proxyType = 1;
			remoteGlobalIDString = 1B64622E1987236700A7615F;
			remoteInfo = coffeeKit;
		};
/* End PBXContainerItemProxy section */

/* Begin PBXFileReference section */
		1B64622F1987236700A7615F /* coffeeKit.app */ = {isa = PBXFileReference; explicitFileType = wrapper.application; includeInIndex = 0; path = coffeeKit.app; sourceTree = BUILT_PRODUCTS_DIR; };
		1B6462321987236700A7615F /* Foundation.framework */ = {isa = PBXFileReference; lastKnownFileType = wrapper.framework; name = Foundation.framework; path = System/Library/Frameworks/Foundation.framework; sourceTree = SDKROOT; };
		1B6462341987236700A7615F /* CoreGraphics.framework */ = {isa = PBXFileReference; lastKnownFileType = wrapper.framework; name = CoreGraphics.framework; path = System/Library/Frameworks/CoreGraphics.framework; sourceTree = SDKROOT; };
		1B6462361987236700A7615F /* UIKit.framework */ = {isa = PBXFileReference; lastKnownFileType = wrapper.framework; name = UIKit.framework; path = System/Library/Frameworks/UIKit.framework; sourceTree = SDKROOT; };
		1B64623A1987236700A7615F /* coffeeKit-Info.plist */ = {isa = PBXFileReference; lastKnownFileType = text.plist.xml; path = "coffeeKit-Info.plist"; sourceTree = "<group>"; };
		1B64623C1987236700A7615F /* en */ = {isa = PBXFileReference; lastKnownFileType = text.plist.strings; name = en; path = en.lproj/InfoPlist.strings; sourceTree = "<group>"; };
		1B64623E1987236700A7615F /* main.m */ = {isa = PBXFileReference; lastKnownFileType = sourcecode.c.objc; path = main.m; sourceTree = "<group>"; };
		1B6462401987236700A7615F /* coffeeKit-Prefix.pch */ = {isa = PBXFileReference; lastKnownFileType = sourcecode.c.h; path = "coffeeKit-Prefix.pch"; sourceTree = "<group>"; };
		1B6462411987236700A7615F /* AppDelegate.h */ = {isa = PBXFileReference; lastKnownFileType = sourcecode.c.h; path = AppDelegate.h; sourceTree = "<group>"; };
		1B6462421987236700A7615F /* AppDelegate.m */ = {isa = PBXFileReference; lastKnownFileType = sourcecode.c.objc; path = AppDelegate.m; sourceTree = "<group>"; };
		1B6462451987236700A7615F /* Base */ = {isa = PBXFileReference; lastKnownFileType = file.storyboard; name = Base; path = Base.lproj/Main.storyboard; sourceTree = "<group>"; };
		1B6462471987236700A7615F /* MasterViewController.h */ = {isa = PBXFileReference; lastKnownFileType = sourcecode.c.h; path = MasterViewController.h; sourceTree = "<group>"; };
		1B6462481987236700A7615F /* MasterViewController.m */ = {isa = PBXFileReference; lastKnownFileType = sourcecode.c.objc; path = MasterViewController.m; sourceTree = "<group>"; };
		1B64624A1987236700A7615F /* DetailViewController.h */ = {isa = PBXFileReference; lastKnownFileType = sourcecode.c.h; path = DetailViewController.h; sourceTree = "<group>"; };
		1B64624B1987236700A7615F /* DetailViewController.m */ = {isa = PBXFileReference; lastKnownFileType = sourcecode.c.objc; path = DetailViewController.m; sourceTree = "<group>"; };
		1B64624D1987236700A7615F /* Images.xcassets */ = {isa = PBXFileReference; lastKnownFileType = folder.assetcatalog; path = Images.xcassets; sourceTree = "<group>"; };
		1B6462531987236700A7615F /* coffeeKitTests.xctest */ = {isa = PBXFileReference; explicitFileType = wrapper.cfbundle; includeInIndex = 0; path = coffeeKitTests.xctest; sourceTree = BUILT_PRODUCTS_DIR; };
		1B6462541987236700A7615F /* XCTest.framework */ = {isa = PBXFileReference; lastKnownFileType = wrapper.framework; name = XCTest.framework; path = Library/Frameworks/XCTest.framework; sourceTree = DEVELOPER_DIR; };
		1B64625C1987236700A7615F /* coffeeKitTests-Info.plist */ = {isa = PBXFileReference; lastKnownFileType = text.plist.xml; path = "coffeeKitTests-Info.plist"; sourceTree = "<group>"; };
		1B64625E1987236700A7615F /* en */ = {isa = PBXFileReference; lastKnownFileType = text.plist.strings; name = en; path = en.lproj/InfoPlist.strings; sourceTree = "<group>"; };
		1B6462601987236700A7615F /* coffeeKitTests.m */ = {isa = PBXFileReference; lastKnownFileType = sourcecode.c.objc; path = coffeeKitTests.m; sourceTree = "<group>"; };
/* End PBXFileReference section */

/* Begin PBXFrameworksBuildPhase section */
		1B64622C1987236700A7615F /* Frameworks */ = {
			isa = PBXFrameworksBuildPhase;
			buildActionMask = 2147483647;
			files = (
				1B6462351987236700A7615F /* CoreGraphics.framework in Frameworks */,
				1B6462371987236700A7615F /* UIKit.framework in Frameworks */,
				1B6462331987236700A7615F /* Foundation.framework in Frameworks */,
			);
			runOnlyForDeploymentPostprocessing = 0;
		};
		1B6462501987236700A7615F /* Frameworks */ = {
			isa = PBXFrameworksBuildPhase;
			buildActionMask = 2147483647;
			files = (
				1B6462551987236700A7615F /* XCTest.framework in Frameworks */,
				1B6462571987236700A7615F /* UIKit.framework in Frameworks */,
				1B6462561987236700A7615F /* Foundation.framework in Frameworks */,
			);
			runOnlyForDeploymentPostprocessing = 0;
		};
/* End PBXFrameworksBuildPhase section */

/* Begin PBXGroup section */
		1B6462261987236700A7615F = {
			isa = PBXGroup;
			children = (
				1B6462381987236700A7615F /* coffeeKit */,
				1B64625A1987236700A7615F /* coffeeKitTests */,
				1B6462311987236700A7615F /* Frameworks */,
				1B6462301987236700A7615F /* Products */,
			);
			sourceTree = "<group>";
		};
		1B6462301987236700A7615F /* Products */ = {
			isa = PBXGroup;
			children = (
				1B64622F1987236700A7615F /* coffeeKit.app */,
				1B6462531987236700A7615F /* coffeeKitTests.xctest */,
			);
			name = Products;
			sourceTree = "<group>";
		};
		1B6462311987236700A7615F /* Frameworks */ = {
			isa = PBXGroup;
			children = (
				1B6462321987236700A7615F /* Foundation.framework */,
				1B6462341987236700A7615F /* CoreGraphics.framework */,
				1B6462361987236700A7615F /* UIKit.framework */,
				1B6462541987236700A7615F /* XCTest.framework */,
			);
			name = Frameworks;
			sourceTree = "<group>";
		};
		1B6462381987236700A7615F /* coffeeKit */ = {
			isa = PBXGroup;
			children = (
				1B6462411987236700A7615F /* AppDelegate.h */,
				1B6462421987236700A7615F /* AppDelegate.m */,
				1B6462441987236700A7615F /* Main.storyboard */,
				1B6462471987236700A7615F /* MasterViewController.h */,
				1B6462481987236700A7615F /* MasterViewController.m */,
				1B64624A1987236700A7615F /* DetailViewController.h */,
				1B64624B1987236700A7615F /* DetailViewController.m */,
				1B64624D1987236700A7615F /* Images.xcassets */,
				1B6462391987236700A7615F /* Supporting Files */,
			);
			path = coffeeKit;
			sourceTree = "<group>";
		};
		1B6462391987236700A7615F /* Supporting Files */ = {
			isa = PBXGroup;
			children = (
				1B64623A1987236700A7615F /* coffeeKit-Info.plist */,
				1B64623B1987236700A7615F /* InfoPlist.strings */,
				1B64623E1987236700A7615F /* main.m */,
				1B6462401987236700A7615F /* coffeeKit-Prefix.pch */,
			);
			name = "Supporting Files";
			sourceTree = "<group>";
		};
		1B64625A1987236700A7615F /* coffeeKitTests */ = {
			isa = PBXGroup;
			children = (
				1B6462601987236700A7615F /* coffeeKitTests.m */,
				1B64625B1987236700A7615F /* Supporting Files */,
			);
			path = coffeeKitTests;
			sourceTree = "<group>";
		};
		1B64625B1987236700A7615F /* Supporting Files */ = {
			isa = PBXGroup;
			children = (
				1B64625C1987236700A7615F /* coffeeKitTests-Info.plist */,
				1B64625D1987236700A7615F /* InfoPlist.strings */,
			);
			name = "Supporting Files";
			sourceTree = "<group>";
		};
/* End PBXGroup section */

/* Begin PBXNativeTarget section */
		1B64622E1987236700A7615F /* coffeeKit */ = {
			isa = PBXNativeTarget;
			buildConfigurationList = 1B6462641987236700A7615F /* Build configuration list for PBXNativeTarget "coffeeKit" */;
			buildPhases = (
				1B64622B1987236700A7615F /* Sources */,
				1B64622C1987236700A7615F /* Frameworks */,
				1B64622D1987236700A7615F /* Resources */,
			);
			buildRules = (
			);
			dependencies = (
			);
			name = coffeeKit;
			productName = coffeeKit;
			productReference = 1B64622F1987236700A7615F /* coffeeKit.app */;
			productType = "com.apple.product-type.application";
		};
		1B6462521987236700A7615F /* coffeeKitTests */ = {
			isa = PBXNativeTarget;
			buildConfigurationList = 1B6462671987236700A7615F /* Build configuration list for PBXNativeTarget "coffeeKitTests" */;
			buildPhases = (
				1B64624F1987236700A7615F /* Sources */,
				1B6462501987236700A7615F /* Frameworks */,
				1B6462511987236700A7615F /* Resources */,
			);
			buildRules = (
			);
			dependencies = (
				1B6462591987236700A7615F /* PBXTargetDependency */,
			);
			name = coffeeKitTests;
			productName = coffeeKitTests;
			productReference = 1B6462531987236700A7615F /* coffeeKitTests.xctest */;
			productType = "com.apple.product-type.bundle.unit-test";
		};
/* End PBXNativeTarget section */

/* Begin PBXProject section */
		1B6462271987236700A7615F /* Project object */ = {
			isa = PBXProject;
			attributes = {
				LastUpgradeCheck = 0510;
				ORGANIZATIONNAME = "___FULLUSERNAME___";
				TargetAttributes = {
					1B6462521987236700A7615F = {
						TestTargetID = 1B64622E1987236700A7615F;
					};
				};
			};
			buildConfigurationList = 1B64622A1987236700A7615F /* Build configuration list for PBXProject "coffeeKit" */;
			compatibilityVersion = "Xcode 3.2";
			developmentRegion = English;
			hasScannedForEncodings = 0;
			knownRegions = (
				en,
				Base,
			);
			mainGroup = 1B6462261987236700A7615F;
			productRefGroup = 1B6462301987236700A7615F /* Products */;
			projectDirPath = "";
			projectRoot = "";
			targets = (
				1B64622E1987236700A7615F /* coffeeKit */,
				1B6462521987236700A7615F /* coffeeKitTests */,
			);
		};
/* End PBXProject section */

/* Begin PBXResourcesBuildPhase section */
		1B64622D1987236700A7615F /* Resources */ = {
			isa = PBXResourcesBuildPhase;
			buildActionMask = 2147483647;
			files = (
				1B64624E1987236700A7615F /* Images.xcassets in Resources */,
				1B64623D1987236700A7615F /* InfoPlist.strings in Resources */,
				1B6462461987236700A7615F /* Main.storyboard in Resources */,
			);
			runOnlyForDeploymentPostprocessing = 0;
		};
		1B6462511987236700A7615F /* Resources */ = {
			isa = PBXResourcesBuildPhase;
			buildActionMask = 2147483647;
			files = (
				1B64625F1987236700A7615F /* InfoPlist.strings in Resources */,
			);
			runOnlyForDeploymentPostprocessing = 0;
		};
/* End PBXResourcesBuildPhase section */

/* Begin PBXSourcesBuildPhase section */
		1B64622B1987236700A7615F /* Sources */ = {
			isa = PBXSourcesBuildPhase;
			buildActionMask = 2147483647;
			files = (
				1B6462431987236700A7615F /* AppDelegate.m in Sources */,
				1B6462491987236700A7615F /* MasterViewController.m in Sources */,
				1B64623F1987236700A7615F /* main.m in Sources */,
				1B64624C1987236700A7615F /* DetailViewController.m in Sources */,
			);
			runOnlyForDeploymentPostprocessing = 0;
		};
		1B64624F1987236700A7615F /* Sources */ = {
			isa = PBXSourcesBuildPhase;
			buildActionMask = 2147483647;
			files = (
				1B6462611987236700A7615F /* coffeeKitTests.m in Sources */,
			);
			runOnlyForDeploymentPostprocessing = 0;
		};
/* End PBXSourcesBuildPhase section */

/* Begin PBXTargetDependency section */
		1B6462591987236700A7615F /* PBXTargetDependency */ = {
			isa = PBXTargetDependency;
			target = 1B64622E1987236700A7615F /* coffeeKit */;
			targetProxy = 1B6462581987236700A7615F /* PBXContainerItemProxy */;
		};
/* End PBXTargetDependency section */

/* Begin PBXVariantGroup section */
		1B64623B1987236700A7615F /* InfoPlist.strings */ = {
			isa = PBXVariantGroup;
			children = (
				1B64623C1987236700A7615F /* en */,
			);
			name = InfoPlist.strings;
			sourceTree = "<group>";
		};
		1B6462441987236700A7615F /* Main.storyboard */ = {
			isa = PBXVariantGroup;
			children = (
				1B6462451987236700A7615F /* Base */,
			);
			name = Main.storyboard;
			sourceTree = "<group>";
		};
		1B64625D1987236700A7615F /* InfoPlist.strings */ = {
			isa = PBXVariantGroup;
			children = (
				1B64625E1987236700A7615F /* en */,
			);
			name = InfoPlist.strings;
			sourceTree = "<group>";
		};
/* End PBXVariantGroup section */

/* Begin XCBuildConfiguration section */
		1B6462621987236700A7615F /* Debug */ = {
			isa = XCBuildConfiguration;
			buildSettings = {
				ALWAYS_SEARCH_USER_PATHS = NO;
				CLANG_CXX_LANGUAGE_STANDARD = "gnu++0x";
				CLANG_CXX_LIBRARY = "libc++";
				CLANG_ENABLE_MODULES = YES;
				CLANG_ENABLE_OBJC_ARC = YES;
				CLANG_WARN_BOOL_CONVERSION = YES;
				CLANG_WARN_CONSTANT_CONVERSION = YES;
				CLANG_WARN_DIRECT_OBJC_ISA_USAGE = YES_ERROR;
				CLANG_WARN_EMPTY_BODY = YES;
				CLANG_WARN_ENUM_CONVERSION = YES;
				CLANG_WARN_INT_CONVERSION = YES;
				CLANG_WARN_OBJC_ROOT_CLASS = YES_ERROR;
				CLANG_WARN__DUPLICATE_METHOD_MATCH = YES;
				"CODE_SIGN_IDENTITY[sdk=iphoneos*]" = "iPhone Developer";
				COPY_PHASE_STRIP = NO;
				GCC_C_LANGUAGE_STANDARD = gnu99;
				GCC_DYNAMIC_NO_PIC = NO;
				GCC_OPTIMIZATION_LEVEL = 0;
				GCC_PREPROCESSOR_DEFINITIONS = (
					"DEBUG=1",
					"$(inherited)",
				);
				GCC_SYMBOLS_PRIVATE_EXTERN = NO;
				GCC_WARN_64_TO_32_BIT_CONVERSION = YES;
				GCC_WARN_ABOUT_RETURN_TYPE = YES_ERROR;
				GCC_WARN_UNDECLARED_SELECTOR = YES;
				GCC_WARN_UNINITIALIZED_AUTOS = YES_AGGRESSIVE;
				GCC_WARN_UNUSED_FUNCTION = YES;
				GCC_WARN_UNUSED_VARIABLE = YES;
				IPHONEOS_DEPLOYMENT_TARGET = 7.1;
				ONLY_ACTIVE_ARCH = YES;
				SDKROOT = iphoneos;
			};
			name = Debug;
		};
		1B6462631987236700A7615F /* Release */ = {
			isa = XCBuildConfiguration;
			buildSettings = {
				ALWAYS_SEARCH_USER_PATHS = NO;
				CLANG_CXX_LANGUAGE_STANDARD = "gnu++0x";
				CLANG_CXX_LIBRARY = "libc++";
				CLANG_ENABLE_MODULES = YES;
				CLANG_ENABLE_OBJC_ARC = YES;
				CLANG_WARN_BOOL_CONVERSION = YES;
				CLANG_WARN_CONSTANT_CONVERSION = YES;
				CLANG_WARN_DIRECT_OBJC_ISA_USAGE = YES_ERROR;
				CLANG_WARN_EMPTY_BODY = YES;
				CLANG_WARN_ENUM_CONVERSION = YES;
				CLANG_WARN_INT_CONVERSION = YES;
				CLANG_WARN_OBJC_ROOT_CLASS = YES_ERROR;
				CLANG_WARN__DUPLICATE_METHOD_MATCH = YES;
				"CODE_SIGN_IDENTITY[sdk=iphoneos*]" = "iPhone Developer";
				COPY_PHASE_STRIP = YES;
				ENABLE_NS_ASSERTIONS = NO;
				GCC_C_LANGUAGE_STANDARD = gnu99;
				GCC_WARN_64_TO_32_BIT_CONVERSION = YES;
				GCC_WARN_ABOUT_RETURN_TYPE = YES_ERROR;
				GCC_WARN_UNDECLARED_SELECTOR = YES;
				GCC_WARN_UNINITIALIZED_AUTOS = YES_AGGRESSIVE;
				GCC_WARN_UNUSED_FUNCTION = YES;
				GCC_WARN_UNUSED_VARIABLE = YES;
				IPHONEOS_DEPLOYMENT_TARGET = 7.1;
				SDKROOT = iphoneos;
				VALIDATE_PRODUCT = YES;
			};
			name = Release;
		};
		1B6462651987236700A7615F /* Debug */ = {
			isa = XCBuildConfiguration;
			buildSettings = {
				ASSETCATALOG_COMPILER_APPICON_NAME = AppIcon;
				ASSETCATALOG_COMPILER_LAUNCHIMAGE_NAME = LaunchImage;
				GCC_PRECOMPILE_PREFIX_HEADER = YES;
				GCC_PREFIX_HEADER = "coffeeKit/coffeeKit-Prefix.pch";
				INFOPLIST_FILE = "coffeeKit/coffeeKit-Info.plist";
				PRODUCT_NAME = "$(TARGET_NAME)";
				WRAPPER_EXTENSION = app;
			};
			name = Debug;
		};
		1B6462661987236700A7615F /* Release */ = {
			isa = XCBuildConfiguration;
			buildSettings = {
				ASSETCATALOG_COMPILER_APPICON_NAME = AppIcon;
				ASSETCATALOG_COMPILER_LAUNCHIMAGE_NAME = LaunchImage;
				GCC_PRECOMPILE_PREFIX_HEADER = YES;
				GCC_PREFIX_HEADER = "coffeeKit/coffeeKit-Prefix.pch";
				INFOPLIST_FILE = "coffeeKit/coffeeKit-Info.plist";
				PRODUCT_NAME = "$(TARGET_NAME)";
				WRAPPER_EXTENSION = app;
			};
			name = Release;
		};
		1B6462681987236700A7615F /* Debug */ = {
			isa = XCBuildConfiguration;
			buildSettings = {
				BUNDLE_LOADER = "$(BUILT_PRODUCTS_DIR)/coffeeKit.app/coffeeKit";
				FRAMEWORK_SEARCH_PATHS = (
					"$(SDKROOT)/Developer/Library/Frameworks",
					"$(inherited)",
					"$(DEVELOPER_FRAMEWORKS_DIR)",
				);
				GCC_PRECOMPILE_PREFIX_HEADER = YES;
				GCC_PREFIX_HEADER = "coffeeKit/coffeeKit-Prefix.pch";
				GCC_PREPROCESSOR_DEFINITIONS = (
					"DEBUG=1",
					"$(inherited)",
				);
				INFOPLIST_FILE = "coffeeKitTests/coffeeKitTests-Info.plist";
				PRODUCT_NAME = "$(TARGET_NAME)";
				TEST_HOST = "$(BUNDLE_LOADER)";
				WRAPPER_EXTENSION = xctest;
			};
			name = Debug;
		};
		1B6462691987236700A7615F /* Release */ = {
			isa = XCBuildConfiguration;
			buildSettings = {
				BUNDLE_LOADER = "$(BUILT_PRODUCTS_DIR)/coffeeKit.app/coffeeKit";
				FRAMEWORK_SEARCH_PATHS = (
					"$(SDKROOT)/Developer/Library/Frameworks",
					"$(inherited)",
					"$(DEVELOPER_FRAMEWORKS_DIR)",
				);
				GCC_PRECOMPILE_PREFIX_HEADER = YES;
				GCC_PREFIX_HEADER = "coffeeKit/coffeeKit-Prefix.pch";
				INFOPLIST_FILE = "coffeeKitTests/coffeeKitTests-Info.plist";
				PRODUCT_NAME = "$(TARGET_NAME)";
				TEST_HOST = "$(BUNDLE_LOADER)";
				WRAPPER_EXTENSION = xctest;
			};
			name = Release;
		};
/* End XCBuildConfiguration section */

/* Begin XCConfigurationList section */
		1B64622A1987236700A7615F /* Build configuration list for PBXProject "coffeeKit" */ = {
			isa = XCConfigurationList;
			buildConfigurations = (
				1B6462621987236700A7615F /* Debug */,
				1B6462631987236700A7615F /* Release */,
			);
			defaultConfigurationIsVisible = 0;
			defaultConfigurationName = Release;
		};
		1B6462641987236700A7615F /* Build configuration list for PBXNativeTarget "coffeeKit" */ = {
			isa = XCConfigurationList;
			buildConfigurations = (
				1B6462651987236700A7615F /* Debug */,
				1B6462661987236700A7615F /* Release */,
			);
			defaultConfigurationIsVisible = 0;
		};
		1B6462671987236700A7615F /* Build configuration list for PBXNativeTarget "coffeeKitTests" */ = {
			isa = XCConfigurationList;
			buildConfigurations = (
				1B6462681987236700A7615F /* Debug */,
				1B6462691987236700A7615F /* Release */,
			);
			defaultConfigurationIsVisible = 0;
		};
/* End XCConfigurationList section */
	};
	rootObject = 1B6462271987236700A7615F /* Project object */;
}
